Microsoft Visual Studio Solution File, Format Version 12.00
# Visual Studio Version 17
VisualStudioVersion = 17.0.31903.59
MinimumVisualStudioVersion = 10.0.40219.1
Project("{9A19103F-16F7-4668-BE54-9A1E7A4F7556}") = "CSharpLib", "CSharpLib\CSharpLib.csproj", "{1F5B0C0E-6E7B-4C53-9C6D-2B3A1B7C9D01}"
EndProject
Project("{6EC3EE1D-3C4E-46DD-8F32-0CC8E7565705}") = "FSharpLib", "FSharpLib\FSharpLib.fsproj", "{2A6C1D1F-7F8C-4D64-8D7E-3C4B2C8D0E02}"
EndProject
Global
	GlobalSection(SolutionConfigurationPlatforms) = preSolution
		Debug|Any CPU = Debug|Any CPU
		Release|Any CPU = Release|Any CPU
	EndGlobalSection
	GlobalSection(ProjectConfigurationPlatforms) = postSolution
		{1F5B0C0E-6E7B-4C53-9C6D-2B3A1B7C9D01}.Debug|Any CPU.ActiveCfg = Debug|Any CPU
		{1F5B0C0E-6E7B-4C53-9C6D-2B3A1B7C9D01}.Debug|Any CPU.Build.0 = Debug|Any CPU
		{1F5B0C0E-6E7B-4C53-9C6D-2B3A1B7C9D01}.Release|Any CPU.ActiveCfg = Release|Any CPU
		{1F5B0C0E-6E7B-4C53-9C6D-2B3A1B7C9D01}.Release|Any CPU.Build.0 = Release|Any CPU
		{2A6C1D1F-7F8C-4D64-8D7E-3C4B2C8D0E02}.Debug|Any CPU.ActiveCfg = Debug|Any CPU
		{2A6C1D1F-7F8C-4D64-8D7E-3C4B2C8D0E02}.Debug|Any CPU.Build.0 = Debug|Any CPU
		{2A6C1D1F-7F8C-4D64-8D7E-3C4B2C8D0E02}.Release|Any CPU.ActiveCfg = Release|Any CPU
		{2A6C1D1F-7F8C-4D64-8D7E-3C4B2C8D0E02}.Release|Any CPU.Build.0 = Release|Any CPU
	EndGlobalSection
	GlobalSection(SolutionProperties) = preSolution
		HideSolutionNode = FALSE
	EndGlobalSection
EndGlobal
